// !$*UTF8*$!
{
	archiveVersion = 1;
	classes = {
	};
	objectVersion = 46;
	objects = {

/* Begin PBXBuildFile section */
		155D428917FE6C69004AC59A /* MobileCoreServices.framework in Frameworks */ = {isa = PBXBuildFile; fileRef = 155D428817FE6C69004AC59A /* MobileCoreServices.framework */; };
		155D428B17FE6CA9004AC59A /* Security.framework in Frameworks */ = {isa = PBXBuildFile; fileRef = 155D428A17FE6CA9004AC59A /* Security.framework */; };
		155D428D17FE6CB9004AC59A /* CFNetwork.framework in Frameworks */ = {isa = PBXBuildFile; fileRef = 155D428C17FE6CB9004AC59A /* CFNetwork.framework */; };
		158E2ADC17FE479700CD8F9F /* MBProgressHUD.m in Sources */ = {isa = PBXBuildFile; fileRef = 158E2ADB17FE479700CD8F9F /* MBProgressHUD.m */; };
		158E2AE017FE497900CD8F9F /* DPBikeStation.m in Sources */ = {isa = PBXBuildFile; fileRef = 158E2ADF17FE497900CD8F9F /* DPBikeStation.m */; };
		158E2AE317FE499900CD8F9F /* DPBikeStationsList.m in Sources */ = {isa = PBXBuildFile; fileRef = 158E2AE217FE499900CD8F9F /* DPBikeStationsList.m */; };
		735B142E17FE2C9B00DC611E /* Foundation.framework in Frameworks */ = {isa = PBXBuildFile; fileRef = 735B142D17FE2C9B00DC611E /* Foundation.framework */; };
		735B143017FE2C9B00DC611E /* CoreGraphics.framework in Frameworks */ = {isa = PBXBuildFile; fileRef = 735B142F17FE2C9B00DC611E /* CoreGraphics.framework */; };
		735B143217FE2C9B00DC611E /* UIKit.framework in Frameworks */ = {isa = PBXBuildFile; fileRef = 735B143117FE2C9B00DC611E /* UIKit.framework */; };
		735B143817FE2C9B00DC611E /* InfoPlist.strings in Resources */ = {isa = PBXBuildFile; fileRef = 735B143617FE2C9B00DC611E /* InfoPlist.strings */; };
		735B143A17FE2C9B00DC611E /* main.m in Sources */ = {isa = PBXBuildFile; fileRef = 735B143917FE2C9B00DC611E /* main.m */; };
		735B143E17FE2C9B00DC611E /* DPAppDelegate.m in Sources */ = {isa = PBXBuildFile; fileRef = 735B143D17FE2C9B00DC611E /* DPAppDelegate.m */; };
		735B144117FE2C9B00DC611E /* Main.storyboard in Resources */ = {isa = PBXBuildFile; fileRef = 735B143F17FE2C9B00DC611E /* Main.storyboard */; };
		735B144417FE2C9B00DC611E /* DPMapViewController.m in Sources */ = {isa = PBXBuildFile; fileRef = 735B144317FE2C9B00DC611E /* DPMapViewController.m */; };
		735B144617FE2C9B00DC611E /* Images.xcassets in Resources */ = {isa = PBXBuildFile; fileRef = 735B144517FE2C9B00DC611E /* Images.xcassets */; };
		735B144D17FE2C9B00DC611E /* XCTest.framework in Frameworks */ = {isa = PBXBuildFile; fileRef = 735B144C17FE2C9B00DC611E /* XCTest.framework */; };
		735B144E17FE2C9B00DC611E /* Foundation.framework in Frameworks */ = {isa = PBXBuildFile; fileRef = 735B142D17FE2C9B00DC611E /* Foundation.framework */; };
		735B144F17FE2C9B00DC611E /* UIKit.framework in Frameworks */ = {isa = PBXBuildFile; fileRef = 735B143117FE2C9B00DC611E /* UIKit.framework */; };
		735B145717FE2C9C00DC611E /* InfoPlist.strings in Resources */ = {isa = PBXBuildFile; fileRef = 735B145517FE2C9C00DC611E /* InfoPlist.strings */; };
		735B145917FE2C9C00DC611E /* DivvyPredictorTests.m in Sources */ = {isa = PBXBuildFile; fileRef = 735B145817FE2C9C00DC611E /* DivvyPredictorTests.m */; };
		735B146517FE2F0300DC611E /* GoogleMaps.framework in Frameworks */ = {isa = PBXBuildFile; fileRef = 735B146417FE2F0300DC611E /* GoogleMaps.framework */; };
		735B146717FE2FB500DC611E /* GoogleMaps.bundle in Resources */ = {isa = PBXBuildFile; fileRef = 735B146617FE2FB500DC611E /* GoogleMaps.bundle */; };
		735B146917FE2FD900DC611E /* AVFoundation.framework in Frameworks */ = {isa = PBXBuildFile; fileRef = 735B146817FE2FD900DC611E /* AVFoundation.framework */; };
		735B146B17FE2FE300DC611E /* CoreData.framework in Frameworks */ = {isa = PBXBuildFile; fileRef = 735B146A17FE2FE300DC611E /* CoreData.framework */; };
		735B146D17FE2FE900DC611E /* CoreLocation.framework in Frameworks */ = {isa = PBXBuildFile; fileRef = 735B146C17FE2FE900DC611E /* CoreLocation.framework */; };
		735B146F17FE2FF200DC611E /* CoreText.framework in Frameworks */ = {isa = PBXBuildFile; fileRef = 735B146E17FE2FF200DC611E /* CoreText.framework */; };
		735B147117FE2FF900DC611E /* GLKit.framework in Frameworks */ = {isa = PBXBuildFile; fileRef = 735B147017FE2FF900DC611E /* GLKit.framework */; };
		735B147317FE300200DC611E /* ImageIO.framework in Frameworks */ = {isa = PBXBuildFile; fileRef = 735B147217FE300200DC611E /* ImageIO.framework */; };
		735B147517FE301400DC611E /* libc++.dylib in Frameworks */ = {isa = PBXBuildFile; fileRef = 735B147417FE301400DC611E /* libc++.dylib */; };
		735B147717FE302000DC611E /* libicucore.dylib in Frameworks */ = {isa = PBXBuildFile; fileRef = 735B147617FE302000DC611E /* libicucore.dylib */; };
		735B147917FE302800DC611E /* libz.dylib in Frameworks */ = {isa = PBXBuildFile; fileRef = 735B147817FE302800DC611E /* libz.dylib */; };
		735B147B17FE302F00DC611E /* OpenGLES.framework in Frameworks */ = {isa = PBXBuildFile; fileRef = 735B147A17FE302F00DC611E /* OpenGLES.framework */; };
		735B147D17FE303700DC611E /* QuartzCore.framework in Frameworks */ = {isa = PBXBuildFile; fileRef = 735B147C17FE303700DC611E /* QuartzCore.framework */; };
		735B147F17FE303F00DC611E /* SystemConfiguration.framework in Frameworks */ = {isa = PBXBuildFile; fileRef = 735B147E17FE303F00DC611E /* SystemConfiguration.framework */; };
		735B148C17FE5DDA00DC611E /* GMSMarkerOptions+MarkerType.m in Sources */ = {isa = PBXBuildFile; fileRef = 735B148B17FE5DDA00DC611E /* GMSMarkerOptions+MarkerType.m */; };
		735B149017FE611500DC611E /* ios7_atm_orange_pin.png in Resources */ = {isa = PBXBuildFile; fileRef = 735B148E17FE611500DC611E /* ios7_atm_orange_pin.png */; };
		735B149117FE611500DC611E /* ios7_atm_orange_pin@2x.png in Resources */ = {isa = PBXBuildFile; fileRef = 735B148F17FE611500DC611E /* ios7_atm_orange_pin@2x.png */; };
		83EFAA7C0BC949C99E73A4F0 /* libPods.a in Frameworks */ = {isa = PBXBuildFile; fileRef = AC38900F59F24241ACD5C214 /* libPods.a */; };
		C9B6726617FE8BD600A41077 /* GTLPredictionAnalyze.m in Sources */ = {isa = PBXBuildFile; fileRef = C9B6725817FE8BD600A41077 /* GTLPredictionAnalyze.m */; };
		C9B6726717FE8BD600A41077 /* GTLPredictionConstants.m in Sources */ = {isa = PBXBuildFile; fileRef = C9B6725A17FE8BD600A41077 /* GTLPredictionConstants.m */; };
		C9B6726817FE8BD600A41077 /* GTLPredictionInsert2.m in Sources */ = {isa = PBXBuildFile; fileRef = C9B6725C17FE8BD600A41077 /* GTLPredictionInsert2.m */; };
		C9B6726917FE8BD600A41077 /* GTLPredictionList.m in Sources */ = {isa = PBXBuildFile; fileRef = C9B6725E17FE8BD600A41077 /* GTLPredictionList.m */; };
		C9B6726A17FE8BD600A41077 /* GTLPredictionOutput.m in Sources */ = {isa = PBXBuildFile; fileRef = C9B6726017FE8BD600A41077 /* GTLPredictionOutput.m */; };
		C9B6726B17FE8BD600A41077 /* GTLQueryPrediction.m in Sources */ = {isa = PBXBuildFile; fileRef = C9B6726217FE8BD600A41077 /* GTLQueryPrediction.m */; };
		C9B6726C17FE8BD600A41077 /* GTLServicePrediction.m in Sources */ = {isa = PBXBuildFile; fileRef = C9B6726417FE8BD600A41077 /* GTLServicePrediction.m */; };
		C9B6728F17FE941700A41077 /* libGTLTouchStaticLib.a in Frameworks */ = {isa = PBXBuildFile; fileRef = C9B6728E17FE941700A41077 /* libGTLTouchStaticLib.a */; };
/* End PBXBuildFile section */

/* Begin PBXContainerItemProxy section */
		15BB437117FE748E00985A92 /* PBXContainerItemProxy */ = {
			isa = PBXContainerItemProxy;
			containerPortal = 15BB436917FE748D00985A92 /* Pods.xcodeproj */;
			proxyType = 2;
			remoteGlobalIDString = AD10BC2EC9514D15A62690F9;
			remoteInfo = Pods;
		};
		15BB437317FE748E00985A92 /* PBXContainerItemProxy */ = {
			isa = PBXContainerItemProxy;
			containerPortal = 15BB436917FE748D00985A92 /* Pods.xcodeproj */;
			proxyType = 2;
			remoteGlobalIDString = A610E87BE95341A19271869B;
			remoteInfo = "Pods-AFNetworking";
		};
		15BB437517FE748E00985A92 /* PBXContainerItemProxy */ = {
			isa = PBXContainerItemProxy;
			containerPortal = 15BB436917FE748D00985A92 /* Pods.xcodeproj */;
			proxyType = 2;
			remoteGlobalIDString = 12E90E5E4A6A481FB1FD8AC2;
			remoteInfo = "Pods-RestKit";
		};
		15BB437717FE748E00985A92 /* PBXContainerItemProxy */ = {
			isa = PBXContainerItemProxy;
			containerPortal = 15BB436917FE748D00985A92 /* Pods.xcodeproj */;
			proxyType = 2;
			remoteGlobalIDString = CD846D2D764E4AC9A7189847;
			remoteInfo = "Pods-SOCKit";
		};
		15BB437917FE748E00985A92 /* PBXContainerItemProxy */ = {
			isa = PBXContainerItemProxy;
			containerPortal = 15BB436917FE748D00985A92 /* Pods.xcodeproj */;
			proxyType = 2;
			remoteGlobalIDString = 3B78B28BFA1742418D828C5A;
			remoteInfo = "Pods-TransitionKit";
		};
		735B145017FE2C9B00DC611E /* PBXContainerItemProxy */ = {
			isa = PBXContainerItemProxy;
			containerPortal = 735B142217FE2C9B00DC611E /* Project object */;
			proxyType = 1;
			remoteGlobalIDString = 735B142917FE2C9B00DC611E;
			remoteInfo = DivvyPredictor;
		};
/* End PBXContainerItemProxy section */

/* Begin PBXFileReference section */
		155D428817FE6C69004AC59A /* MobileCoreServices.framework */ = {isa = PBXFileReference; lastKnownFileType = wrapper.framework; name = MobileCoreServices.framework; path = System/Library/Frameworks/MobileCoreServices.framework; sourceTree = SDKROOT; };
		155D428A17FE6CA9004AC59A /* Security.framework */ = {isa = PBXFileReference; lastKnownFileType = wrapper.framework; name = Security.framework; path = System/Library/Frameworks/Security.framework; sourceTree = SDKROOT; };
		155D428C17FE6CB9004AC59A /* CFNetwork.framework */ = {isa = PBXFileReference; lastKnownFileType = wrapper.framework; name = CFNetwork.framework; path = System/Library/Frameworks/CFNetwork.framework; sourceTree = SDKROOT; };
		158E2ADA17FE479700CD8F9F /* MBProgressHUD.h */ = {isa = PBXFileReference; fileEncoding = 4; lastKnownFileType = sourcecode.c.h; path = MBProgressHUD.h; sourceTree = "<group>"; };
		158E2ADB17FE479700CD8F9F /* MBProgressHUD.m */ = {isa = PBXFileReference; fileEncoding = 4; lastKnownFileType = sourcecode.c.objc; path = MBProgressHUD.m; sourceTree = "<group>"; };
		158E2ADE17FE497900CD8F9F /* DPBikeStation.h */ = {isa = PBXFileReference; fileEncoding = 4; lastKnownFileType = sourcecode.c.h; name = DPBikeStation.h; path = Models/DPBikeStation.h; sourceTree = "<group>"; };
		158E2ADF17FE497900CD8F9F /* DPBikeStation.m */ = {isa = PBXFileReference; fileEncoding = 4; lastKnownFileType = sourcecode.c.objc; name = DPBikeStation.m; path = Models/DPBikeStation.m; sourceTree = "<group>"; };
		158E2AE117FE499900CD8F9F /* DPBikeStationsList.h */ = {isa = PBXFileReference; fileEncoding = 4; lastKnownFileType = sourcecode.c.h; name = DPBikeStationsList.h; path = Models/DPBikeStationsList.h; sourceTree = "<group>"; };
		158E2AE217FE499900CD8F9F /* DPBikeStationsList.m */ = {isa = PBXFileReference; fileEncoding = 4; lastKnownFileType = sourcecode.c.objc; name = DPBikeStationsList.m; path = Models/DPBikeStationsList.m; sourceTree = "<group>"; };
		15BB436917FE748D00985A92 /* Pods.xcodeproj */ = {isa = PBXFileReference; lastKnownFileType = "wrapper.pb-project"; name = Pods.xcodeproj; path = ../Pods/Pods.xcodeproj; sourceTree = "<group>"; };
		3C5C74A7C943419B81E988FF /* Pods.xcconfig */ = {isa = PBXFileReference; includeInIndex = 1; lastKnownFileType = text.xcconfig; name = Pods.xcconfig; path = ../Pods/Pods.xcconfig; sourceTree = "<group>"; };
		735B142A17FE2C9B00DC611E /* DivvyPredictor.app */ = {isa = PBXFileReference; explicitFileType = wrapper.application; includeInIndex = 0; path = DivvyPredictor.app; sourceTree = BUILT_PRODUCTS_DIR; };
		735B142D17FE2C9B00DC611E /* Foundation.framework */ = {isa = PBXFileReference; lastKnownFileType = wrapper.framework; name = Foundation.framework; path = System/Library/Frameworks/Foundation.framework; sourceTree = SDKROOT; };
		735B142F17FE2C9B00DC611E /* CoreGraphics.framework */ = {isa = PBXFileReference; lastKnownFileType = wrapper.framework; name = CoreGraphics.framework; path = System/Library/Frameworks/CoreGraphics.framework; sourceTree = SDKROOT; };
		735B143117FE2C9B00DC611E /* UIKit.framework */ = {isa = PBXFileReference; lastKnownFileType = wrapper.framework; name = UIKit.framework; path = System/Library/Frameworks/UIKit.framework; sourceTree = SDKROOT; };
		735B143517FE2C9B00DC611E /* DivvyPredictor-Info.plist */ = {isa = PBXFileReference; lastKnownFileType = text.plist.xml; path = "DivvyPredictor-Info.plist"; sourceTree = "<group>"; };
		735B143717FE2C9B00DC611E /* en */ = {isa = PBXFileReference; lastKnownFileType = text.plist.strings; name = en; path = en.lproj/InfoPlist.strings; sourceTree = "<group>"; };
		735B143917FE2C9B00DC611E /* main.m */ = {isa = PBXFileReference; lastKnownFileType = sourcecode.c.objc; path = main.m; sourceTree = "<group>"; };
		735B143B17FE2C9B00DC611E /* DivvyPredictor-Prefix.pch */ = {isa = PBXFileReference; lastKnownFileType = sourcecode.c.h; path = "DivvyPredictor-Prefix.pch"; sourceTree = "<group>"; };
		735B143C17FE2C9B00DC611E /* DPAppDelegate.h */ = {isa = PBXFileReference; lastKnownFileType = sourcecode.c.h; path = DPAppDelegate.h; sourceTree = "<group>"; };
		735B143D17FE2C9B00DC611E /* DPAppDelegate.m */ = {isa = PBXFileReference; lastKnownFileType = sourcecode.c.objc; path = DPAppDelegate.m; sourceTree = "<group>"; };
		735B144017FE2C9B00DC611E /* Base */ = {isa = PBXFileReference; lastKnownFileType = file.storyboard; name = Base; path = Base.lproj/Main.storyboard; sourceTree = "<group>"; };
		735B144217FE2C9B00DC611E /* DPMapViewController.h */ = {isa = PBXFileReference; lastKnownFileType = sourcecode.c.h; path = DPMapViewController.h; sourceTree = "<group>"; };
		735B144317FE2C9B00DC611E /* DPMapViewController.m */ = {isa = PBXFileReference; lastKnownFileType = sourcecode.c.objc; path = DPMapViewController.m; sourceTree = "<group>"; };
		735B144517FE2C9B00DC611E /* Images.xcassets */ = {isa = PBXFileReference; lastKnownFileType = folder.assetcatalog; path = Images.xcassets; sourceTree = "<group>"; };
		735B144B17FE2C9B00DC611E /* DivvyPredictorTests.xctest */ = {isa = PBXFileReference; explicitFileType = wrapper.cfbundle; includeInIndex = 0; path = DivvyPredictorTests.xctest; sourceTree = BUILT_PRODUCTS_DIR; };
		735B144C17FE2C9B00DC611E /* XCTest.framework */ = {isa = PBXFileReference; lastKnownFileType = wrapper.framework; name = XCTest.framework; path = Library/Frameworks/XCTest.framework; sourceTree = DEVELOPER_DIR; };
		735B145417FE2C9B00DC611E /* DivvyPredictorTests-Info.plist */ = {isa = PBXFileReference; lastKnownFileType = text.plist.xml; path = "DivvyPredictorTests-Info.plist"; sourceTree = "<group>"; };
		735B145617FE2C9C00DC611E /* en */ = {isa = PBXFileReference; lastKnownFileType = text.plist.strings; name = en; path = en.lproj/InfoPlist.strings; sourceTree = "<group>"; };
		735B145817FE2C9C00DC611E /* DivvyPredictorTests.m */ = {isa = PBXFileReference; lastKnownFileType = sourcecode.c.objc; path = DivvyPredictorTests.m; sourceTree = "<group>"; };
		735B146417FE2F0300DC611E /* GoogleMaps.framework */ = {isa = PBXFileReference; lastKnownFileType = wrapper.framework; path = GoogleMaps.framework; sourceTree = "<group>"; };
		735B146617FE2FB500DC611E /* GoogleMaps.bundle */ = {isa = PBXFileReference; lastKnownFileType = "wrapper.plug-in"; name = GoogleMaps.bundle; path = GoogleMaps.framework/Versions/A/Resources/GoogleMaps.bundle; sourceTree = "<group>"; };
		735B146817FE2FD900DC611E /* AVFoundation.framework */ = {isa = PBXFileReference; lastKnownFileType = wrapper.framework; name = AVFoundation.framework; path = System/Library/Frameworks/AVFoundation.framework; sourceTree = SDKROOT; };
		735B146A17FE2FE300DC611E /* CoreData.framework */ = {isa = PBXFileReference; lastKnownFileType = wrapper.framework; name = CoreData.framework; path = System/Library/Frameworks/CoreData.framework; sourceTree = SDKROOT; };
		735B146C17FE2FE900DC611E /* CoreLocation.framework */ = {isa = PBXFileReference; lastKnownFileType = wrapper.framework; name = CoreLocation.framework; path = System/Library/Frameworks/CoreLocation.framework; sourceTree = SDKROOT; };
		735B146E17FE2FF200DC611E /* CoreText.framework */ = {isa = PBXFileReference; lastKnownFileType = wrapper.framework; name = CoreText.framework; path = System/Library/Frameworks/CoreText.framework; sourceTree = SDKROOT; };
		735B147017FE2FF900DC611E /* GLKit.framework */ = {isa = PBXFileReference; lastKnownFileType = wrapper.framework; name = GLKit.framework; path = System/Library/Frameworks/GLKit.framework; sourceTree = SDKROOT; };
		735B147217FE300200DC611E /* ImageIO.framework */ = {isa = PBXFileReference; lastKnownFileType = wrapper.framework; name = ImageIO.framework; path = System/Library/Frameworks/ImageIO.framework; sourceTree = SDKROOT; };
		735B147417FE301400DC611E /* libc++.dylib */ = {isa = PBXFileReference; lastKnownFileType = "compiled.mach-o.dylib"; name = "libc++.dylib"; path = "usr/lib/libc++.dylib"; sourceTree = SDKROOT; };
		735B147617FE302000DC611E /* libicucore.dylib */ = {isa = PBXFileReference; lastKnownFileType = "compiled.mach-o.dylib"; name = libicucore.dylib; path = usr/lib/libicucore.dylib; sourceTree = SDKROOT; };
		735B147817FE302800DC611E /* libz.dylib */ = {isa = PBXFileReference; lastKnownFileType = "compiled.mach-o.dylib"; name = libz.dylib; path = usr/lib/libz.dylib; sourceTree = SDKROOT; };
		735B147A17FE302F00DC611E /* OpenGLES.framework */ = {isa = PBXFileReference; lastKnownFileType = wrapper.framework; name = OpenGLES.framework; path = System/Library/Frameworks/OpenGLES.framework; sourceTree = SDKROOT; };
		735B147C17FE303700DC611E /* QuartzCore.framework */ = {isa = PBXFileReference; lastKnownFileType = wrapper.framework; name = QuartzCore.framework; path = System/Library/Frameworks/QuartzCore.framework; sourceTree = SDKROOT; };
		735B147E17FE303F00DC611E /* SystemConfiguration.framework */ = {isa = PBXFileReference; lastKnownFileType = wrapper.framework; name = SystemConfiguration.framework; path = System/Library/Frameworks/SystemConfiguration.framework; sourceTree = SDKROOT; };
		735B148217FE316500DC611E /* CommonsConstants.h */ = {isa = PBXFileReference; fileEncoding = 4; lastKnownFileType = sourcecode.c.h; name = CommonsConstants.h; path = Commons/CommonsConstants.h; sourceTree = "<group>"; };
		735B148A17FE5DDA00DC611E /* GMSMarkerOptions+MarkerType.h */ = {isa = PBXFileReference; fileEncoding = 4; lastKnownFileType = sourcecode.c.h; path = "GMSMarkerOptions+MarkerType.h"; sourceTree = "<group>"; };
		735B148B17FE5DDA00DC611E /* GMSMarkerOptions+MarkerType.m */ = {isa = PBXFileReference; fileEncoding = 4; lastKnownFileType = sourcecode.c.objc; path = "GMSMarkerOptions+MarkerType.m"; sourceTree = "<group>"; };
		735B148E17FE611500DC611E /* ios7_atm_orange_pin.png */ = {isa = PBXFileReference; lastKnownFileType = image.png; name = ios7_atm_orange_pin.png; path = Assets/ios7_atm_orange_pin.png; sourceTree = "<group>"; };
		735B148F17FE611500DC611E /* ios7_atm_orange_pin@2x.png */ = {isa = PBXFileReference; lastKnownFileType = image.png; name = "ios7_atm_orange_pin@2x.png"; path = "Assets/ios7_atm_orange_pin@2x.png"; sourceTree = "<group>"; };
		AC38900F59F24241ACD5C214 /* libPods.a */ = {isa = PBXFileReference; explicitFileType = archive.ar; includeInIndex = 0; path = libPods.a; sourceTree = BUILT_PRODUCTS_DIR; };
		C9B6723517FE8AE800A41077 /* GTLBase64.h */ = {isa = PBXFileReference; fileEncoding = 4; lastKnownFileType = sourcecode.c.h; path = GTLBase64.h; sourceTree = "<group>"; };
		C9B6723617FE8AE800A41077 /* GTLBatchQuery.h */ = {isa = PBXFileReference; fileEncoding = 4; lastKnownFileType = sourcecode.c.h; path = GTLBatchQuery.h; sourceTree = "<group>"; };
		C9B6723717FE8AE800A41077 /* GTLBatchResult.h */ = {isa = PBXFileReference; fileEncoding = 4; lastKnownFileType = sourcecode.c.h; path = GTLBatchResult.h; sourceTree = "<group>"; };
		C9B6723817FE8AE800A41077 /* GTLDateTime.h */ = {isa = PBXFileReference; fileEncoding = 4; lastKnownFileType = sourcecode.c.h; path = GTLDateTime.h; sourceTree = "<group>"; };
		C9B6723917FE8AE800A41077 /* GTLDefines.h */ = {isa = PBXFileReference; fileEncoding = 4; lastKnownFileType = sourcecode.c.h; path = GTLDefines.h; sourceTree = "<group>"; };
		C9B6723A17FE8AE800A41077 /* GTLErrorObject.h */ = {isa = PBXFileReference; fileEncoding = 4; lastKnownFileType = sourcecode.c.h; path = GTLErrorObject.h; sourceTree = "<group>"; };
		C9B6723B17FE8AE800A41077 /* GTLFramework.h */ = {isa = PBXFileReference; fileEncoding = 4; lastKnownFileType = sourcecode.c.h; path = GTLFramework.h; sourceTree = "<group>"; };
		C9B6723C17FE8AE800A41077 /* GTLJSONParser.h */ = {isa = PBXFileReference; fileEncoding = 4; lastKnownFileType = sourcecode.c.h; path = GTLJSONParser.h; sourceTree = "<group>"; };
		C9B6723D17FE8AE800A41077 /* GTLObject.h */ = {isa = PBXFileReference; fileEncoding = 4; lastKnownFileType = sourcecode.c.h; path = GTLObject.h; sourceTree = "<group>"; };
		C9B6723E17FE8AE800A41077 /* GTLQuery.h */ = {isa = PBXFileReference; fileEncoding = 4; lastKnownFileType = sourcecode.c.h; path = GTLQuery.h; sourceTree = "<group>"; };
		C9B6723F17FE8AE800A41077 /* GTLRuntimeCommon.h */ = {isa = PBXFileReference; fileEncoding = 4; lastKnownFileType = sourcecode.c.h; path = GTLRuntimeCommon.h; sourceTree = "<group>"; };
		C9B6724017FE8AE800A41077 /* GTLService.h */ = {isa = PBXFileReference; fileEncoding = 4; lastKnownFileType = sourcecode.c.h; path = GTLService.h; sourceTree = "<group>"; };
		C9B6724117FE8AE800A41077 /* GTLTargetNamespace.h */ = {isa = PBXFileReference; fileEncoding = 4; lastKnownFileType = sourcecode.c.h; path = GTLTargetNamespace.h; sourceTree = "<group>"; };
		C9B6724217FE8AE800A41077 /* GTLUploadParameters.h */ = {isa = PBXFileReference; fileEncoding = 4; lastKnownFileType = sourcecode.c.h; path = GTLUploadParameters.h; sourceTree = "<group>"; };
		C9B6724317FE8AE800A41077 /* GTLUtilities.h */ = {isa = PBXFileReference; fileEncoding = 4; lastKnownFileType = sourcecode.c.h; path = GTLUtilities.h; sourceTree = "<group>"; };
		C9B6724417FE8AE800A41077 /* GTMGatherInputStream.h */ = {isa = PBXFileReference; fileEncoding = 4; lastKnownFileType = sourcecode.c.h; path = GTMGatherInputStream.h; sourceTree = "<group>"; };
		C9B6724517FE8AE800A41077 /* GTMHTTPFetcher.h */ = {isa = PBXFileReference; fileEncoding = 4; lastKnownFileType = sourcecode.c.h; path = GTMHTTPFetcher.h; sourceTree = "<group>"; };
		C9B6724617FE8AE800A41077 /* GTMHTTPFetcherLogging.h */ = {isa = PBXFileReference; fileEncoding = 4; lastKnownFileType = sourcecode.c.h; path = GTMHTTPFetcherLogging.h; sourceTree = "<group>"; };
		C9B6724717FE8AE800A41077 /* GTMHTTPFetcherService.h */ = {isa = PBXFileReference; fileEncoding = 4; lastKnownFileType = sourcecode.c.h; path = GTMHTTPFetcherService.h; sourceTree = "<group>"; };
		C9B6724817FE8AE800A41077 /* GTMHTTPFetchHistory.h */ = {isa = PBXFileReference; fileEncoding = 4; lastKnownFileType = sourcecode.c.h; path = GTMHTTPFetchHistory.h; sourceTree = "<group>"; };
		C9B6724917FE8AE800A41077 /* GTMHTTPUploadFetcher.h */ = {isa = PBXFileReference; fileEncoding = 4; lastKnownFileType = sourcecode.c.h; path = GTMHTTPUploadFetcher.h; sourceTree = "<group>"; };
		C9B6724A17FE8AE800A41077 /* GTMMIMEDocument.h */ = {isa = PBXFileReference; fileEncoding = 4; lastKnownFileType = sourcecode.c.h; path = GTMMIMEDocument.h; sourceTree = "<group>"; };
		C9B6724B17FE8AE800A41077 /* GTMOAuth2Authentication.h */ = {isa = PBXFileReference; fileEncoding = 4; lastKnownFileType = sourcecode.c.h; path = GTMOAuth2Authentication.h; sourceTree = "<group>"; };
		C9B6724C17FE8AE800A41077 /* GTMOAuth2SignIn.h */ = {isa = PBXFileReference; fileEncoding = 4; lastKnownFileType = sourcecode.c.h; path = GTMOAuth2SignIn.h; sourceTree = "<group>"; };
		C9B6724D17FE8AE800A41077 /* GTMOAuth2ViewControllerTouch.h */ = {isa = PBXFileReference; fileEncoding = 4; lastKnownFileType = sourcecode.c.h; path = GTMOAuth2ViewControllerTouch.h; sourceTree = "<group>"; };
		C9B6724E17FE8AE800A41077 /* GTMOAuth2WindowController.h */ = {isa = PBXFileReference; fileEncoding = 4; lastKnownFileType = sourcecode.c.h; path = GTMOAuth2WindowController.h; sourceTree = "<group>"; };
		C9B6724F17FE8AE800A41077 /* GTMReadMonitorInputStream.h */ = {isa = PBXFileReference; fileEncoding = 4; lastKnownFileType = sourcecode.c.h; path = GTMReadMonitorInputStream.h; sourceTree = "<group>"; };
		C9B6725517FE8BD600A41077 /* GTLPrediction.h */ = {isa = PBXFileReference; fileEncoding = 4; lastKnownFileType = sourcecode.c.h; path = GTLPrediction.h; sourceTree = "<group>"; };
		C9B6725717FE8BD600A41077 /* GTLPredictionAnalyze.h */ = {isa = PBXFileReference; fileEncoding = 4; lastKnownFileType = sourcecode.c.h; path = GTLPredictionAnalyze.h; sourceTree = "<group>"; };
		C9B6725817FE8BD600A41077 /* GTLPredictionAnalyze.m */ = {isa = PBXFileReference; fileEncoding = 4; lastKnownFileType = sourcecode.c.objc; path = GTLPredictionAnalyze.m; sourceTree = "<group>"; };
		C9B6725917FE8BD600A41077 /* GTLPredictionConstants.h */ = {isa = PBXFileReference; fileEncoding = 4; lastKnownFileType = sourcecode.c.h; path = GTLPredictionConstants.h; sourceTree = "<group>"; };
		C9B6725A17FE8BD600A41077 /* GTLPredictionConstants.m */ = {isa = PBXFileReference; fileEncoding = 4; lastKnownFileType = sourcecode.c.objc; path = GTLPredictionConstants.m; sourceTree = "<group>"; };
		C9B6725B17FE8BD600A41077 /* GTLPredictionInsert2.h */ = {isa = PBXFileReference; fileEncoding = 4; lastKnownFileType = sourcecode.c.h; path = GTLPredictionInsert2.h; sourceTree = "<group>"; };
		C9B6725C17FE8BD600A41077 /* GTLPredictionInsert2.m */ = {isa = PBXFileReference; fileEncoding = 4; lastKnownFileType = sourcecode.c.objc; path = GTLPredictionInsert2.m; sourceTree = "<group>"; };
		C9B6725D17FE8BD600A41077 /* GTLPredictionList.h */ = {isa = PBXFileReference; fileEncoding = 4; lastKnownFileType = sourcecode.c.h; path = GTLPredictionList.h; sourceTree = "<group>"; };
		C9B6725E17FE8BD600A41077 /* GTLPredictionList.m */ = {isa = PBXFileReference; fileEncoding = 4; lastKnownFileType = sourcecode.c.objc; path = GTLPredictionList.m; sourceTree = "<group>"; };
		C9B6725F17FE8BD600A41077 /* GTLPredictionOutput.h */ = {isa = PBXFileReference; fileEncoding = 4; lastKnownFileType = sourcecode.c.h; path = GTLPredictionOutput.h; sourceTree = "<group>"; };
		C9B6726017FE8BD600A41077 /* GTLPredictionOutput.m */ = {isa = PBXFileReference; fileEncoding = 4; lastKnownFileType = sourcecode.c.objc; path = GTLPredictionOutput.m; sourceTree = "<group>"; };
		C9B6726117FE8BD600A41077 /* GTLQueryPrediction.h */ = {isa = PBXFileReference; fileEncoding = 4; lastKnownFileType = sourcecode.c.h; path = GTLQueryPrediction.h; sourceTree = "<group>"; };
		C9B6726217FE8BD600A41077 /* GTLQueryPrediction.m */ = {isa = PBXFileReference; fileEncoding = 4; lastKnownFileType = sourcecode.c.objc; path = GTLQueryPrediction.m; sourceTree = "<group>"; };
		C9B6726317FE8BD600A41077 /* GTLServicePrediction.h */ = {isa = PBXFileReference; fileEncoding = 4; lastKnownFileType = sourcecode.c.h; path = GTLServicePrediction.h; sourceTree = "<group>"; };
		C9B6726417FE8BD600A41077 /* GTLServicePrediction.m */ = {isa = PBXFileReference; fileEncoding = 4; lastKnownFileType = sourcecode.c.objc; path = GTLServicePrediction.m; sourceTree = "<group>"; };
		C9B6727F17FE93A200A41077 /* GTL.xcodeproj */ = {isa = PBXFileReference; lastKnownFileType = "wrapper.pb-project"; name = GTL.xcodeproj; path = "../../../google-api-objectivec-client-read-only/Source/GTL.xcodeproj"; sourceTree = SOURCE_ROOT; };
		C9B6728E17FE941700A41077 /* libGTLTouchStaticLib.a */ = {isa = PBXFileReference; lastKnownFileType = file; name = libGTLTouchStaticLib.a; path = "../../../google-api-objectivec-client-read-only/Source/build/Debug-iphoneos/libGTLTouchStaticLib.a"; sourceTree = "<group>"; };
/* End PBXFileReference section */

/* Begin PBXFrameworksBuildPhase section */
		735B142717FE2C9B00DC611E /* Frameworks */ = {
			isa = PBXFrameworksBuildPhase;
			buildActionMask = 2147483647;
			files = (
				C9B6728F17FE941700A41077 /* libGTLTouchStaticLib.a in Frameworks */,
				155D428D17FE6CB9004AC59A /* CFNetwork.framework in Frameworks */,
				155D428B17FE6CA9004AC59A /* Security.framework in Frameworks */,
				155D428917FE6C69004AC59A /* MobileCoreServices.framework in Frameworks */,
				735B147F17FE303F00DC611E /* SystemConfiguration.framework in Frameworks */,
				735B147D17FE303700DC611E /* QuartzCore.framework in Frameworks */,
				735B147B17FE302F00DC611E /* OpenGLES.framework in Frameworks */,
				735B147917FE302800DC611E /* libz.dylib in Frameworks */,
				735B147717FE302000DC611E /* libicucore.dylib in Frameworks */,
				735B147517FE301400DC611E /* libc++.dylib in Frameworks */,
				735B147317FE300200DC611E /* ImageIO.framework in Frameworks */,
				735B147117FE2FF900DC611E /* GLKit.framework in Frameworks */,
				735B146F17FE2FF200DC611E /* CoreText.framework in Frameworks */,
				735B146D17FE2FE900DC611E /* CoreLocation.framework in Frameworks */,
				735B146B17FE2FE300DC611E /* CoreData.framework in Frameworks */,
				735B146917FE2FD900DC611E /* AVFoundation.framework in Frameworks */,
				735B143017FE2C9B00DC611E /* CoreGraphics.framework in Frameworks */,
				735B143217FE2C9B00DC611E /* UIKit.framework in Frameworks */,
				735B146517FE2F0300DC611E /* GoogleMaps.framework in Frameworks */,
				735B142E17FE2C9B00DC611E /* Foundation.framework in Frameworks */,
				83EFAA7C0BC949C99E73A4F0 /* libPods.a in Frameworks */,
			);
			runOnlyForDeploymentPostprocessing = 0;
		};
		735B144817FE2C9B00DC611E /* Frameworks */ = {
			isa = PBXFrameworksBuildPhase;
			buildActionMask = 2147483647;
			files = (
				735B144D17FE2C9B00DC611E /* XCTest.framework in Frameworks */,
				735B144F17FE2C9B00DC611E /* UIKit.framework in Frameworks */,
				735B144E17FE2C9B00DC611E /* Foundation.framework in Frameworks */,
			);
			runOnlyForDeploymentPostprocessing = 0;
		};
/* End PBXFrameworksBuildPhase section */

/* Begin PBXGroup section */
		158E2AD917FE475300CD8F9F /* External Libraries */ = {
			isa = PBXGroup;
			children = (
				158E2ADA17FE479700CD8F9F /* MBProgressHUD.h */,
				158E2ADB17FE479700CD8F9F /* MBProgressHUD.m */,
			);
			name = "External Libraries";
			sourceTree = "<group>";
		};
		158E2ADD17FE494E00CD8F9F /* Models */ = {
			isa = PBXGroup;
			children = (
				158E2ADE17FE497900CD8F9F /* DPBikeStation.h */,
				158E2ADF17FE497900CD8F9F /* DPBikeStation.m */,
				158E2AE117FE499900CD8F9F /* DPBikeStationsList.h */,
				158E2AE217FE499900CD8F9F /* DPBikeStationsList.m */,
			);
			name = Models;
			sourceTree = "<group>";
		};
		15BB436A17FE748D00985A92 /* Products */ = {
			isa = PBXGroup;
			children = (
				15BB437217FE748E00985A92 /* libPods.a */,
				15BB437417FE748E00985A92 /* libPods-AFNetworking.a */,
				15BB437617FE748E00985A92 /* libPods-RestKit.a */,
				15BB437817FE748E00985A92 /* libPods-SOCKit.a */,
				15BB437A17FE748E00985A92 /* libPods-TransitionKit.a */,
			);
			name = Products;
			sourceTree = "<group>";
		};
		735B142117FE2C9B00DC611E = {
			isa = PBXGroup;
			children = (
				C9B6726F17FE91A400A41077 /* PredictionAPI */,
				735B143317FE2C9B00DC611E /* DivvyPredictor */,
				735B145217FE2C9B00DC611E /* DivvyPredictorTests */,
				735B142C17FE2C9B00DC611E /* Frameworks */,
				735B142B17FE2C9B00DC611E /* Products */,
				3C5C74A7C943419B81E988FF /* Pods.xcconfig */,
				15BB436917FE748D00985A92 /* Pods.xcodeproj */,
			);
			sourceTree = "<group>";
		};
		735B142B17FE2C9B00DC611E /* Products */ = {
			isa = PBXGroup;
			children = (
				735B142A17FE2C9B00DC611E /* DivvyPredictor.app */,
				735B144B17FE2C9B00DC611E /* DivvyPredictorTests.xctest */,
			);
			name = Products;
			sourceTree = "<group>";
		};
		735B142C17FE2C9B00DC611E /* Frameworks */ = {
			isa = PBXGroup;
			children = (
				C9B6728E17FE941700A41077 /* libGTLTouchStaticLib.a */,
				155D428C17FE6CB9004AC59A /* CFNetwork.framework */,
				155D428A17FE6CA9004AC59A /* Security.framework */,
				155D428817FE6C69004AC59A /* MobileCoreServices.framework */,
				735B147E17FE303F00DC611E /* SystemConfiguration.framework */,
				735B147C17FE303700DC611E /* QuartzCore.framework */,
				735B147A17FE302F00DC611E /* OpenGLES.framework */,
				735B147817FE302800DC611E /* libz.dylib */,
				735B147617FE302000DC611E /* libicucore.dylib */,
				735B147417FE301400DC611E /* libc++.dylib */,
				735B147217FE300200DC611E /* ImageIO.framework */,
				735B147017FE2FF900DC611E /* GLKit.framework */,
				735B146E17FE2FF200DC611E /* CoreText.framework */,
				735B146C17FE2FE900DC611E /* CoreLocation.framework */,
				735B146A17FE2FE300DC611E /* CoreData.framework */,
				735B146817FE2FD900DC611E /* AVFoundation.framework */,
				735B146617FE2FB500DC611E /* GoogleMaps.bundle */,
				735B146417FE2F0300DC611E /* GoogleMaps.framework */,
				735B142D17FE2C9B00DC611E /* Foundation.framework */,
				735B142F17FE2C9B00DC611E /* CoreGraphics.framework */,
				735B143117FE2C9B00DC611E /* UIKit.framework */,
				735B144C17FE2C9B00DC611E /* XCTest.framework */,
				AC38900F59F24241ACD5C214 /* libPods.a */,
			);
			name = Frameworks;
			sourceTree = "<group>";
		};
		735B143317FE2C9B00DC611E /* DivvyPredictor */ = {
			isa = PBXGroup;
			children = (
				735B148D17FE5FDB00DC611E /* Assets */,
				735B148917FE5DC600DC611E /* Catagories */,
				158E2ADD17FE494E00CD8F9F /* Models */,
				158E2AD917FE475300CD8F9F /* External Libraries */,
				735B148017FE30C900DC611E /* Commons */,
				735B143C17FE2C9B00DC611E /* DPAppDelegate.h */,
				735B143D17FE2C9B00DC611E /* DPAppDelegate.m */,
				735B143F17FE2C9B00DC611E /* Main.storyboard */,
				735B144217FE2C9B00DC611E /* DPMapViewController.h */,
				735B144317FE2C9B00DC611E /* DPMapViewController.m */,
				735B144517FE2C9B00DC611E /* Images.xcassets */,
				735B143417FE2C9B00DC611E /* Supporting Files */,
			);
			path = DivvyPredictor;
			sourceTree = "<group>";
		};
		735B143417FE2C9B00DC611E /* Supporting Files */ = {
			isa = PBXGroup;
			children = (
				735B143517FE2C9B00DC611E /* DivvyPredictor-Info.plist */,
				735B143617FE2C9B00DC611E /* InfoPlist.strings */,
				735B143917FE2C9B00DC611E /* main.m */,
				735B143B17FE2C9B00DC611E /* DivvyPredictor-Prefix.pch */,
			);
			name = "Supporting Files";
			sourceTree = "<group>";
		};
		735B145217FE2C9B00DC611E /* DivvyPredictorTests */ = {
			isa = PBXGroup;
			children = (
				735B145817FE2C9C00DC611E /* DivvyPredictorTests.m */,
				735B145317FE2C9B00DC611E /* Supporting Files */,
			);
			path = DivvyPredictorTests;
			sourceTree = "<group>";
		};
		735B145317FE2C9B00DC611E /* Supporting Files */ = {
			isa = PBXGroup;
			children = (
				735B145417FE2C9B00DC611E /* DivvyPredictorTests-Info.plist */,
				735B145517FE2C9C00DC611E /* InfoPlist.strings */,
			);
			name = "Supporting Files";
			sourceTree = "<group>";
		};
		735B148017FE30C900DC611E /* Commons */ = {
			isa = PBXGroup;
			children = (
				735B148217FE316500DC611E /* CommonsConstants.h */,
			);
			name = Commons;
			sourceTree = "<group>";
		};
		735B148917FE5DC600DC611E /* Catagories */ = {
			isa = PBXGroup;
			children = (
				735B148A17FE5DDA00DC611E /* GMSMarkerOptions+MarkerType.h */,
				735B148B17FE5DDA00DC611E /* GMSMarkerOptions+MarkerType.m */,
			);
			name = Catagories;
			sourceTree = "<group>";
		};
		735B148D17FE5FDB00DC611E /* Assets */ = {
			isa = PBXGroup;
			children = (
				735B148E17FE611500DC611E /* ios7_atm_orange_pin.png */,
				735B148F17FE611500DC611E /* ios7_atm_orange_pin@2x.png */,
			);
			name = Assets;
			sourceTree = "<group>";
		};
		C9B6723417FE8AE700A41077 /* Headers */ = {
			isa = PBXGroup;
			children = (
				C9B6723517FE8AE800A41077 /* GTLBase64.h */,
				C9B6723617FE8AE800A41077 /* GTLBatchQuery.h */,
				C9B6723717FE8AE800A41077 /* GTLBatchResult.h */,
				C9B6723817FE8AE800A41077 /* GTLDateTime.h */,
				C9B6723917FE8AE800A41077 /* GTLDefines.h */,
				C9B6723A17FE8AE800A41077 /* GTLErrorObject.h */,
				C9B6723B17FE8AE800A41077 /* GTLFramework.h */,
				C9B6723C17FE8AE800A41077 /* GTLJSONParser.h */,
				C9B6723D17FE8AE800A41077 /* GTLObject.h */,
				C9B6723E17FE8AE800A41077 /* GTLQuery.h */,
				C9B6723F17FE8AE800A41077 /* GTLRuntimeCommon.h */,
				C9B6724017FE8AE800A41077 /* GTLService.h */,
				C9B6724117FE8AE800A41077 /* GTLTargetNamespace.h */,
				C9B6724217FE8AE800A41077 /* GTLUploadParameters.h */,
				C9B6724317FE8AE800A41077 /* GTLUtilities.h */,
				C9B6724417FE8AE800A41077 /* GTMGatherInputStream.h */,
				C9B6724517FE8AE800A41077 /* GTMHTTPFetcher.h */,
				C9B6724617FE8AE800A41077 /* GTMHTTPFetcherLogging.h */,
				C9B6724717FE8AE800A41077 /* GTMHTTPFetcherService.h */,
				C9B6724817FE8AE800A41077 /* GTMHTTPFetchHistory.h */,
				C9B6724917FE8AE800A41077 /* GTMHTTPUploadFetcher.h */,
				C9B6724A17FE8AE800A41077 /* GTMMIMEDocument.h */,
				C9B6724B17FE8AE800A41077 /* GTMOAuth2Authentication.h */,
				C9B6724C17FE8AE800A41077 /* GTMOAuth2SignIn.h */,
				C9B6724D17FE8AE800A41077 /* GTMOAuth2ViewControllerTouch.h */,
				C9B6724E17FE8AE800A41077 /* GTMOAuth2WindowController.h */,
				C9B6724F17FE8AE800A41077 /* GTMReadMonitorInputStream.h */,
			);
			path = Headers;
			sourceTree = "<group>";
		};
		C9B6725417FE8BD600A41077 /* Generated */ = {
			isa = PBXGroup;
			children = (
				C9B6725517FE8BD600A41077 /* GTLPrediction.h */,
				C9B6725717FE8BD600A41077 /* GTLPredictionAnalyze.h */,
				C9B6725817FE8BD600A41077 /* GTLPredictionAnalyze.m */,
				C9B6725917FE8BD600A41077 /* GTLPredictionConstants.h */,
				C9B6725A17FE8BD600A41077 /* GTLPredictionConstants.m */,
				C9B6725B17FE8BD600A41077 /* GTLPredictionInsert2.h */,
				C9B6725C17FE8BD600A41077 /* GTLPredictionInsert2.m */,
				C9B6725D17FE8BD600A41077 /* GTLPredictionList.h */,
				C9B6725E17FE8BD600A41077 /* GTLPredictionList.m */,
				C9B6725F17FE8BD600A41077 /* GTLPredictionOutput.h */,
				C9B6726017FE8BD600A41077 /* GTLPredictionOutput.m */,
				C9B6726117FE8BD600A41077 /* GTLQueryPrediction.h */,
				C9B6726217FE8BD600A41077 /* GTLQueryPrediction.m */,
				C9B6726317FE8BD600A41077 /* GTLServicePrediction.h */,
				C9B6726417FE8BD600A41077 /* GTLServicePrediction.m */,
			);
			path = Generated;
			sourceTree = "<group>";
		};
		C9B6726F17FE91A400A41077 /* PredictionAPI */ = {
			isa = PBXGroup;
			children = (
				C9B6727F17FE93A200A41077 /* GTL.xcodeproj */,
				C9B6725417FE8BD600A41077 /* Generated */,
				C9B6723417FE8AE700A41077 /* Headers */,
			);
			name = PredictionAPI;
			sourceTree = "<group>";
		};
/* End PBXGroup section */

/* Begin PBXNativeTarget section */
		735B142917FE2C9B00DC611E /* DivvyPredictor */ = {
			isa = PBXNativeTarget;
			buildConfigurationList = 735B145C17FE2C9C00DC611E /* Build configuration list for PBXNativeTarget "DivvyPredictor" */;
			buildPhases = (
				326721300E234731B7101731 /* Check Pods Manifest.lock */,
				735B142617FE2C9B00DC611E /* Sources */,
				735B142717FE2C9B00DC611E /* Frameworks */,
				735B142817FE2C9B00DC611E /* Resources */,
				FE9F6D7260934295AC984DFC /* Copy Pods Resources */,
			);
			buildRules = (
			);
			dependencies = (
			);
			name = DivvyPredictor;
			productName = DivvyPredictor;
			productReference = 735B142A17FE2C9B00DC611E /* DivvyPredictor.app */;
			productType = "com.apple.product-type.application";
		};
		735B144A17FE2C9B00DC611E /* DivvyPredictorTests */ = {
			isa = PBXNativeTarget;
			buildConfigurationList = 735B145F17FE2C9C00DC611E /* Build configuration list for PBXNativeTarget "DivvyPredictorTests" */;
			buildPhases = (
				735B144717FE2C9B00DC611E /* Sources */,
				735B144817FE2C9B00DC611E /* Frameworks */,
				735B144917FE2C9B00DC611E /* Resources */,
			);
			buildRules = (
			);
			dependencies = (
				735B145117FE2C9B00DC611E /* PBXTargetDependency */,
			);
			name = DivvyPredictorTests;
			productName = DivvyPredictorTests;
			productReference = 735B144B17FE2C9B00DC611E /* DivvyPredictorTests.xctest */;
			productType = "com.apple.product-type.bundle.unit-test";
		};
/* End PBXNativeTarget section */

/* Begin PBXProject section */
		735B142217FE2C9B00DC611E /* Project object */ = {
			isa = PBXProject;
			attributes = {
				CLASSPREFIX = DP;
				LastUpgradeCheck = 0500;
				ORGANIZATIONNAME = SolsticeExpress;
				TargetAttributes = {
					735B144A17FE2C9B00DC611E = {
						TestTargetID = 735B142917FE2C9B00DC611E;
					};
				};
			};
			buildConfigurationList = 735B142517FE2C9B00DC611E /* Build configuration list for PBXProject "DivvyPredictor" */;
			compatibilityVersion = "Xcode 3.2";
			developmentRegion = English;
			hasScannedForEncodings = 0;
			knownRegions = (
				en,
				Base,
			);
			mainGroup = 735B142117FE2C9B00DC611E;
			productRefGroup = 735B142B17FE2C9B00DC611E /* Products */;
			projectDirPath = "";
			projectReferences = (
				{
					ProductGroup = 15BB436A17FE748D00985A92 /* Products */;
					ProjectRef = 15BB436917FE748D00985A92 /* Pods.xcodeproj */;
				},
			);
			projectRoot = "";
			targets = (
				735B142917FE2C9B00DC611E /* DivvyPredictor */,
				735B144A17FE2C9B00DC611E /* DivvyPredictorTests */,
			);
		};
/* End PBXProject section */

/* Begin PBXReferenceProxy section */
		15BB437217FE748E00985A92 /* libPods.a */ = {
			isa = PBXReferenceProxy;
			fileType = archive.ar;
			path = libPods.a;
			remoteRef = 15BB437117FE748E00985A92 /* PBXContainerItemProxy */;
			sourceTree = BUILT_PRODUCTS_DIR;
		};
		15BB437417FE748E00985A92 /* libPods-AFNetworking.a */ = {
			isa = PBXReferenceProxy;
			fileType = archive.ar;
			path = "libPods-AFNetworking.a";
			remoteRef = 15BB437317FE748E00985A92 /* PBXContainerItemProxy */;
			sourceTree = BUILT_PRODUCTS_DIR;
		};
		15BB437617FE748E00985A92 /* libPods-RestKit.a */ = {
			isa = PBXReferenceProxy;
			fileType = archive.ar;
			path = "libPods-RestKit.a";
			remoteRef = 15BB437517FE748E00985A92 /* PBXContainerItemProxy */;
			sourceTree = BUILT_PRODUCTS_DIR;
		};
		15BB437817FE748E00985A92 /* libPods-SOCKit.a */ = {
			isa = PBXReferenceProxy;
			fileType = archive.ar;
			path = "libPods-SOCKit.a";
			remoteRef = 15BB437717FE748E00985A92 /* PBXContainerItemProxy */;
			sourceTree = BUILT_PRODUCTS_DIR;
		};
		15BB437A17FE748E00985A92 /* libPods-TransitionKit.a */ = {
			isa = PBXReferenceProxy;
			fileType = archive.ar;
			path = "libPods-TransitionKit.a";
			remoteRef = 15BB437917FE748E00985A92 /* PBXContainerItemProxy */;
			sourceTree = BUILT_PRODUCTS_DIR;
		};
/* End PBXReferenceProxy section */

/* Begin PBXResourcesBuildPhase section */
		735B142817FE2C9B00DC611E /* Resources */ = {
			isa = PBXResourcesBuildPhase;
			buildActionMask = 2147483647;
			files = (
				735B144617FE2C9B00DC611E /* Images.xcassets in Resources */,
				735B149117FE611500DC611E /* ios7_atm_orange_pin@2x.png in Resources */,
				735B143817FE2C9B00DC611E /* InfoPlist.strings in Resources */,
				735B144117FE2C9B00DC611E /* Main.storyboard in Resources */,
				735B146717FE2FB500DC611E /* GoogleMaps.bundle in Resources */,
				735B149017FE611500DC611E /* ios7_atm_orange_pin.png in Resources */,
			);
			runOnlyForDeploymentPostprocessing = 0;
		};
		735B144917FE2C9B00DC611E /* Resources */ = {
			isa = PBXResourcesBuildPhase;
			buildActionMask = 2147483647;
			files = (
				735B145717FE2C9C00DC611E /* InfoPlist.strings in Resources */,
			);
			runOnlyForDeploymentPostprocessing = 0;
		};
/* End PBXResourcesBuildPhase section */

/* Begin PBXShellScriptBuildPhase section */
		326721300E234731B7101731 /* Check Pods Manifest.lock */ = {
			isa = PBXShellScriptBuildPhase;
			buildActionMask = 2147483647;
			files = (
			);
			inputPaths = (
			);
			name = "Check Pods Manifest.lock";
			outputPaths = (
			);
			runOnlyForDeploymentPostprocessing = 0;
			shellPath = /bin/sh;
			shellScript = "diff \"${PODS_ROOT}/../Podfile.lock\" \"${PODS_ROOT}/Manifest.lock\" > /dev/null\nif [[ $? != 0 ]] ; then\n    cat << EOM\nerror: The sandbox is not in sync with the Podfile.lock. Run 'pod install' or update your CocoaPods installation.\nEOM\n    exit 1\nfi\n";
			showEnvVarsInLog = 0;
		};
		FE9F6D7260934295AC984DFC /* Copy Pods Resources */ = {
			isa = PBXShellScriptBuildPhase;
			buildActionMask = 2147483647;
			files = (
			);
			inputPaths = (
			);
			name = "Copy Pods Resources";
			outputPaths = (
			);
			runOnlyForDeploymentPostprocessing = 0;
			shellPath = /bin/sh;
			shellScript = "\"${SRCROOT}/../Pods/Pods-resources.sh\"\n";
			showEnvVarsInLog = 0;
		};
/* End PBXShellScriptBuildPhase section */

/* Begin PBXSourcesBuildPhase section */
		735B142617FE2C9B00DC611E /* Sources */ = {
			isa = PBXSourcesBuildPhase;
			buildActionMask = 2147483647;
			files = (
				735B143E17FE2C9B00DC611E /* DPAppDelegate.m in Sources */,
				735B148C17FE5DDA00DC611E /* GMSMarkerOptions+MarkerType.m in Sources */,
				C9B6726917FE8BD600A41077 /* GTLPredictionList.m in Sources */,
				C9B6726717FE8BD600A41077 /* GTLPredictionConstants.m in Sources */,
				C9B6726817FE8BD600A41077 /* GTLPredictionInsert2.m in Sources */,
				158E2AE317FE499900CD8F9F /* DPBikeStationsList.m in Sources */,
				735B144417FE2C9B00DC611E /* DPMapViewController.m in Sources */,
				735B143A17FE2C9B00DC611E /* main.m in Sources */,
				C9B6726617FE8BD600A41077 /* GTLPredictionAnalyze.m in Sources */,
				C9B6726C17FE8BD600A41077 /* GTLServicePrediction.m in Sources */,
				C9B6726A17FE8BD600A41077 /* GTLPredictionOutput.m in Sources */,
				C9B6726B17FE8BD600A41077 /* GTLQueryPrediction.m in Sources */,
				158E2ADC17FE479700CD8F9F /* MBProgressHUD.m in Sources */,
				158E2AE017FE497900CD8F9F /* DPBikeStation.m in Sources */,
			);
			runOnlyForDeploymentPostprocessing = 0;
		};
		735B144717FE2C9B00DC611E /* Sources */ = {
			isa = PBXSourcesBuildPhase;
			buildActionMask = 2147483647;
			files = (
				735B145917FE2C9C00DC611E /* DivvyPredictorTests.m in Sources */,
			);
			runOnlyForDeploymentPostprocessing = 0;
		};
/* End PBXSourcesBuildPhase section */

/* Begin PBXTargetDependency section */
		735B145117FE2C9B00DC611E /* PBXTargetDependency */ = {
			isa = PBXTargetDependency;
			target = 735B142917FE2C9B00DC611E /* DivvyPredictor */;
			targetProxy = 735B145017FE2C9B00DC611E /* PBXContainerItemProxy */;
		};
/* End PBXTargetDependency section */

/* Begin PBXVariantGroup section */
		735B143617FE2C9B00DC611E /* InfoPlist.strings */ = {
			isa = PBXVariantGroup;
			children = (
				735B143717FE2C9B00DC611E /* en */,
			);
			name = InfoPlist.strings;
			sourceTree = "<group>";
		};
		735B143F17FE2C9B00DC611E /* Main.storyboard */ = {
			isa = PBXVariantGroup;
			children = (
				735B144017FE2C9B00DC611E /* Base */,
			);
			name = Main.storyboard;
			sourceTree = "<group>";
		};
		735B145517FE2C9C00DC611E /* InfoPlist.strings */ = {
			isa = PBXVariantGroup;
			children = (
				735B145617FE2C9C00DC611E /* en */,
			);
			name = InfoPlist.strings;
			sourceTree = "<group>";
		};
/* End PBXVariantGroup section */

/* Begin XCBuildConfiguration section */
		735B145A17FE2C9C00DC611E /* Debug */ = {
			isa = XCBuildConfiguration;
			buildSettings = {
				ALWAYS_SEARCH_USER_PATHS = NO;
				ARCHS = "$(ARCHS_STANDARD_INCLUDING_64_BIT)";
				CLANG_CXX_LANGUAGE_STANDARD = "gnu++0x";
				CLANG_CXX_LIBRARY = "libc++";
				CLANG_ENABLE_MODULES = YES;
				CLANG_ENABLE_OBJC_ARC = YES;
				CLANG_WARN_BOOL_CONVERSION = YES;
				CLANG_WARN_CONSTANT_CONVERSION = YES;
				CLANG_WARN_DIRECT_OBJC_ISA_USAGE = YES_ERROR;
				CLANG_WARN_EMPTY_BODY = YES;
				CLANG_WARN_ENUM_CONVERSION = YES;
				CLANG_WARN_INT_CONVERSION = YES;
				CLANG_WARN_OBJC_ROOT_CLASS = YES_ERROR;
				CLANG_WARN__DUPLICATE_METHOD_MATCH = YES;
				"CODE_SIGN_IDENTITY[sdk=iphoneos*]" = "iPhone Developer";
				COPY_PHASE_STRIP = NO;
				GCC_C_LANGUAGE_STANDARD = gnu99;
				GCC_DYNAMIC_NO_PIC = NO;
				GCC_OPTIMIZATION_LEVEL = 0;
				GCC_PREPROCESSOR_DEFINITIONS = (
					"DEBUG=1",
					"$(inherited)",
				);
				GCC_SYMBOLS_PRIVATE_EXTERN = NO;
				GCC_WARN_64_TO_32_BIT_CONVERSION = YES;
				GCC_WARN_ABOUT_RETURN_TYPE = YES_ERROR;
				GCC_WARN_UNDECLARED_SELECTOR = YES;
				GCC_WARN_UNINITIALIZED_AUTOS = YES;
				GCC_WARN_UNUSED_FUNCTION = YES;
				GCC_WARN_UNUSED_VARIABLE = YES;
				IPHONEOS_DEPLOYMENT_TARGET = 7.0;
				ONLY_ACTIVE_ARCH = YES;
				OTHER_LDFLAGS = "-ObjC";
				SDKROOT = iphoneos;
			};
			name = Debug;
		};
		735B145B17FE2C9C00DC611E /* Release */ = {
			isa = XCBuildConfiguration;
			buildSettings = {
				ALWAYS_SEARCH_USER_PATHS = NO;
				ARCHS = "$(ARCHS_STANDARD_INCLUDING_64_BIT)";
				CLANG_CXX_LANGUAGE_STANDARD = "gnu++0x";
				CLANG_CXX_LIBRARY = "libc++";
				CLANG_ENABLE_MODULES = YES;
				CLANG_ENABLE_OBJC_ARC = YES;
				CLANG_WARN_BOOL_CONVERSION = YES;
				CLANG_WARN_CONSTANT_CONVERSION = YES;
				CLANG_WARN_DIRECT_OBJC_ISA_USAGE = YES_ERROR;
				CLANG_WARN_EMPTY_BODY = YES;
				CLANG_WARN_ENUM_CONVERSION = YES;
				CLANG_WARN_INT_CONVERSION = YES;
				CLANG_WARN_OBJC_ROOT_CLASS = YES_ERROR;
				CLANG_WARN__DUPLICATE_METHOD_MATCH = YES;
				"CODE_SIGN_IDENTITY[sdk=iphoneos*]" = "iPhone Developer";
				COPY_PHASE_STRIP = YES;
				ENABLE_NS_ASSERTIONS = NO;
				GCC_C_LANGUAGE_STANDARD = gnu99;
				GCC_WARN_64_TO_32_BIT_CONVERSION = YES;
				GCC_WARN_ABOUT_RETURN_TYPE = YES_ERROR;
				GCC_WARN_UNDECLARED_SELECTOR = YES;
				GCC_WARN_UNINITIALIZED_AUTOS = YES;
				GCC_WARN_UNUSED_FUNCTION = YES;
				GCC_WARN_UNUSED_VARIABLE = YES;
				IPHONEOS_DEPLOYMENT_TARGET = 7.0;
				OTHER_LDFLAGS = "-ObjC";
				SDKROOT = iphoneos;
				VALIDATE_PRODUCT = YES;
			};
			name = Release;
		};
		735B145D17FE2C9C00DC611E /* Debug */ = {
			isa = XCBuildConfiguration;
			baseConfigurationReference = 3C5C74A7C943419B81E988FF /* Pods.xcconfig */;
			buildSettings = {
				ASSETCATALOG_COMPILER_APPICON_NAME = AppIcon;
				ASSETCATALOG_COMPILER_LAUNCHIMAGE_NAME = LaunchImage;
				FRAMEWORK_SEARCH_PATHS = (
					"$(inherited)",
					"\"$(SRCROOT)\"",
				);
				GCC_PRECOMPILE_PREFIX_HEADER = YES;
				GCC_PREFIX_HEADER = "DivvyPredictor/DivvyPredictor-Prefix.pch";
				INFOPLIST_FILE = "DivvyPredictor/DivvyPredictor-Info.plist";
				LIBRARY_SEARCH_PATHS = (
					"$(inherited)",
					/Users/nikhilbharadwaj/DivvyPredictor/DivvyPredictor/DivvyPredictor,
				);
				OTHER_LDFLAGS = (
					"-ObjC",
					"-framework",
					CFNetwork,
					"-framework",
					CoreData,
					"-framework",
					CoreGraphics,
					"-framework",
					MobileCoreServices,
					"-framework",
					Security,
					"-framework",
					SystemConfiguration,
					"-all_load",
				);
				PRODUCT_NAME = "$(TARGET_NAME)";
				WRAPPER_EXTENSION = app;
			};
			name = Debug;
		};
		735B145E17FE2C9C00DC611E /* Release */ = {
			isa = XCBuildConfiguration;
			baseConfigurationReference = 3C5C74A7C943419B81E988FF /* Pods.xcconfig */;
			buildSettings = {
				ASSETCATALOG_COMPILER_APPICON_NAME = AppIcon;
				ASSETCATALOG_COMPILER_LAUNCHIMAGE_NAME = LaunchImage;
				FRAMEWORK_SEARCH_PATHS = (
					"$(inherited)",
					"\"$(SRCROOT)\"",
				);
				GCC_PRECOMPILE_PREFIX_HEADER = YES;
				GCC_PREFIX_HEADER = "DivvyPredictor/DivvyPredictor-Prefix.pch";
				INFOPLIST_FILE = "DivvyPredictor/DivvyPredictor-Info.plist";
				LIBRARY_SEARCH_PATHS = (
					"$(inherited)",
					/Users/nikhilbharadwaj/DivvyPredictor/DivvyPredictor/DivvyPredictor,
				);
				OTHER_LDFLAGS = (
					"-ObjC",
					"-framework",
					CFNetwork,
					"-framework",
					CoreData,
					"-framework",
					CoreGraphics,
					"-framework",
					MobileCoreServices,
					"-framework",
					Security,
					"-framework",
					SystemConfiguration,
					"-all_load",
				);
				PRODUCT_NAME = "$(TARGET_NAME)";
				WRAPPER_EXTENSION = app;
			};
			name = Release;
		};
		735B146017FE2C9C00DC611E /* Debug */ = {
			isa = XCBuildConfiguration;
			buildSettings = {
				ARCHS = "$(ARCHS_STANDARD_INCLUDING_64_BIT)";
				BUNDLE_LOADER = "$(BUILT_PRODUCTS_DIR)/DivvyPredictor.app/DivvyPredictor";
				FRAMEWORK_SEARCH_PATHS = (
					"$(SDKROOT)/Developer/Library/Frameworks",
					"$(inherited)",
					"$(DEVELOPER_FRAMEWORKS_DIR)",
				);
				GCC_PRECOMPILE_PREFIX_HEADER = YES;
				GCC_PREFIX_HEADER = "DivvyPredictor/DivvyPredictor-Prefix.pch";
				GCC_PREPROCESSOR_DEFINITIONS = (
					"DEBUG=1",
					"$(inherited)",
				);
				INFOPLIST_FILE = "DivvyPredictorTests/DivvyPredictorTests-Info.plist";
				PRODUCT_NAME = "$(TARGET_NAME)";
				TEST_HOST = "$(BUNDLE_LOADER)";
				WRAPPER_EXTENSION = xctest;
			};
			name = Debug;
		};
		735B146117FE2C9C00DC611E /* Release */ = {
			isa = XCBuildConfiguration;
			buildSettings = {
				ARCHS = "$(ARCHS_STANDARD_INCLUDING_64_BIT)";
				BUNDLE_LOADER = "$(BUILT_PRODUCTS_DIR)/DivvyPredictor.app/DivvyPredictor";
				FRAMEWORK_SEARCH_PATHS = (
					"$(SDKROOT)/Developer/Library/Frameworks",
					"$(inherited)",
					"$(DEVELOPER_FRAMEWORKS_DIR)",
				);
				GCC_PRECOMPILE_PREFIX_HEADER = YES;
				GCC_PREFIX_HEADER = "DivvyPredictor/DivvyPredictor-Prefix.pch";
				INFOPLIST_FILE = "DivvyPredictorTests/DivvyPredictorTests-Info.plist";
				PRODUCT_NAME = "$(TARGET_NAME)";
				TEST_HOST = "$(BUNDLE_LOADER)";
				WRAPPER_EXTENSION = xctest;
			};
			name = Release;
		};
/* End XCBuildConfiguration section */

/* Begin XCConfigurationList section */
		735B142517FE2C9B00DC611E /* Build configuration list for PBXProject "DivvyPredictor" */ = {
			isa = XCConfigurationList;
			buildConfigurations = (
				735B145A17FE2C9C00DC611E /* Debug */,
				735B145B17FE2C9C00DC611E /* Release */,
			);
			defaultConfigurationIsVisible = 0;
			defaultConfigurationName = Release;
		};
		735B145C17FE2C9C00DC611E /* Build configuration list for PBXNativeTarget "DivvyPredictor" */ = {
			isa = XCConfigurationList;
			buildConfigurations = (
				735B145D17FE2C9C00DC611E /* Debug */,
				735B145E17FE2C9C00DC611E /* Release */,
			);
			defaultConfigurationIsVisible = 0;
			defaultConfigurationName = Release;
		};
		735B145F17FE2C9C00DC611E /* Build configuration list for PBXNativeTarget "DivvyPredictorTests" */ = {
			isa = XCConfigurationList;
			buildConfigurations = (
				735B146017FE2C9C00DC611E /* Debug */,
				735B146117FE2C9C00DC611E /* Release */,
			);
			defaultConfigurationIsVisible = 0;
			defaultConfigurationName = Release;
		};
/* End XCConfigurationList section */
	};
	rootObject = 735B142217FE2C9B00DC611E /* Project object */;
}
